// !$*UTF8*$!
{
	archiveVersion = 1;
	classes = {
	};
	objectVersion = 46;
	objects = {

/* Begin PBXBuildFile section */
		CEA25F741D525DE3004F44CA /* AppDelegate.swift in Sources */ = {isa = PBXBuildFile; fileRef = CEA25F731D525DE3004F44CA /* AppDelegate.swift */; };
		CEA25F761D525DE3004F44CA /* MasterViewController.swift in Sources */ = {isa = PBXBuildFile; fileRef = CEA25F751D525DE3004F44CA /* MasterViewController.swift */; };
		CEA25F781D525DE3004F44CA /* DetailViewController.swift in Sources */ = {isa = PBXBuildFile; fileRef = CEA25F771D525DE3004F44CA /* DetailViewController.swift */; };
		CEA25F7B1D525DE3004F44CA /* Main.storyboard in Resources */ = {isa = PBXBuildFile; fileRef = CEA25F791D525DE3004F44CA /* Main.storyboard */; };
		CEA25F7D1D525DE3004F44CA /* Assets.xcassets in Resources */ = {isa = PBXBuildFile; fileRef = CEA25F7C1D525DE3004F44CA /* Assets.xcassets */; };
		CEA25F801D525DE3004F44CA /* LaunchScreen.storyboard in Resources */ = {isa = PBXBuildFile; fileRef = CEA25F7E1D525DE3004F44CA /* LaunchScreen.storyboard */; };
/* End PBXBuildFile section */

/* Begin PBXFileReference section */
		CEA25F701D525DE3004F44CA /* PokeapiDex.app */ = {isa = PBXFileReference; explicitFileType = wrapper.application; includeInIndex = 0; path = PokeapiDex.app; sourceTree = BUILT_PRODUCTS_DIR; };
		CEA25F731D525DE3004F44CA /* AppDelegate.swift */ = {isa = PBXFileReference; lastKnownFileType = sourcecode.swift; path = AppDelegate.swift; sourceTree = "<group>"; };
		CEA25F751D525DE3004F44CA /* MasterViewController.swift */ = {isa = PBXFileReference; lastKnownFileType = sourcecode.swift; path = MasterViewController.swift; sourceTree = "<group>"; };
		CEA25F771D525DE3004F44CA /* DetailViewController.swift */ = {isa = PBXFileReference; lastKnownFileType = sourcecode.swift; path = DetailViewController.swift; sourceTree = "<group>"; };
		CEA25F7A1D525DE3004F44CA /* Base */ = {isa = PBXFileReference; lastKnownFileType = file.storyboard; name = Base; path = Base.lproj/Main.storyboard; sourceTree = "<group>"; };
		CEA25F7C1D525DE3004F44CA /* Assets.xcassets */ = {isa = PBXFileReference; lastKnownFileType = folder.assetcatalog; path = Assets.xcassets; sourceTree = "<group>"; };
		CEA25F7F1D525DE3004F44CA /* Base */ = {isa = PBXFileReference; lastKnownFileType = file.storyboard; name = Base; path = Base.lproj/LaunchScreen.storyboard; sourceTree = "<group>"; };
		CEA25F811D525DE3004F44CA /* Info.plist */ = {isa = PBXFileReference; lastKnownFileType = text.plist.xml; path = Info.plist; sourceTree = "<group>"; };
/* End PBXFileReference section */

/* Begin PBXFrameworksBuildPhase section */
		CEA25F6D1D525DE3004F44CA /* Frameworks */ = {
			isa = PBXFrameworksBuildPhase;
			buildActionMask = 2147483647;
			files = (
			);
			runOnlyForDeploymentPostprocessing = 0;
		};
/* End PBXFrameworksBuildPhase section */

/* Begin PBXGroup section */
		CEA25F671D525DE3004F44CA = {
			isa = PBXGroup;
			children = (
				CEA25F721D525DE3004F44CA /* PokeapiDex */,
				CEA25F711D525DE3004F44CA /* Products */,
			);
			sourceTree = "<group>";
		};
		CEA25F711D525DE3004F44CA /* Products */ = {
			isa = PBXGroup;
			children = (
				CEA25F701D525DE3004F44CA /* PokeapiDex.app */,
			);
			name = Products;
			sourceTree = "<group>";
		};
		CEA25F721D525DE3004F44CA /* PokeapiDex */ = {
			isa = PBXGroup;
			children = (
				CEA25F731D525DE3004F44CA /* AppDelegate.swift */,
				CEA25F751D525DE3004F44CA /* MasterViewController.swift */,
				CEA25F771D525DE3004F44CA /* DetailViewController.swift */,
				CEA25F791D525DE3004F44CA /* Main.storyboard */,
				CEA25F7C1D525DE3004F44CA /* Assets.xcassets */,
				CEA25F7E1D525DE3004F44CA /* LaunchScreen.storyboard */,
				CEA25F811D525DE3004F44CA /* Info.plist */,
			);
			path = PokeapiDex;
			sourceTree = "<group>";
		};
/* End PBXGroup section */

/* Begin PBXNativeTarget section */
		CEA25F6F1D525DE3004F44CA /* PokeapiDex */ = {
			isa = PBXNativeTarget;
			buildConfigurationList = CEA25F841D525DE3004F44CA /* Build configuration list for PBXNativeTarget "PokeapiDex" */;
			buildPhases = (
				CEA25F6C1D525DE3004F44CA /* Sources */,
				CEA25F6D1D525DE3004F44CA /* Frameworks */,
				CEA25F6E1D525DE3004F44CA /* Resources */,
			);
			buildRules = (
			);
			dependencies = (
			);
			name = PokeapiDex;
			productName = PokeapiDex;
			productReference = CEA25F701D525DE3004F44CA /* PokeapiDex.app */;
			productType = "com.apple.product-type.application";
		};
/* End PBXNativeTarget section */

/* Begin PBXProject section */
		CEA25F681D525DE3004F44CA /* Project object */ = {
			isa = PBXProject;
			attributes = {
				LastSwiftUpdateCheck = 0730;
				LastUpgradeCheck = 0730;
				ORGANIZATIONNAME = Twilio;
				TargetAttributes = {
					CEA25F6F1D525DE3004F44CA = {
						CreatedOnToolsVersion = 7.3.1;
					};
				};
			};
			buildConfigurationList = CEA25F6B1D525DE3004F44CA /* Build configuration list for PBXProject "PokeapiDex" */;
			compatibilityVersion = "Xcode 3.2";
			developmentRegion = English;
			hasScannedForEncodings = 0;
			knownRegions = (
				en,
				Base,
			);
			mainGroup = CEA25F671D525DE3004F44CA;
			productRefGroup = CEA25F711D525DE3004F44CA /* Products */;
			projectDirPath = "";
			projectRoot = "";
			targets = (
				CEA25F6F1D525DE3004F44CA /* PokeapiDex */,
			);
		};
/* End PBXProject section */

/* Begin PBXResourcesBuildPhase section */
		CEA25F6E1D525DE3004F44CA /* Resources */ = {
			isa = PBXResourcesBuildPhase;
			buildActionMask = 2147483647;
			files = (
				CEA25F801D525DE3004F44CA /* LaunchScreen.storyboard in Resources */,
				CEA25F7D1D525DE3004F44CA /* Assets.xcassets in Resources */,
				CEA25F7B1D525DE3004F44CA /* Main.storyboard in Resources */,
			);
			runOnlyForDeploymentPostprocessing = 0;
		};
/* End PBXResourcesBuildPhase section */

/* Begin PBXSourcesBuildPhase section */
		CEA25F6C1D525DE3004F44CA /* Sources */ = {
			isa = PBXSourcesBuildPhase;
			buildActionMask = 2147483647;
			files = (
				CEA25F781D525DE3004F44CA /* DetailViewController.swift in Sources */,
				CEA25F761D525DE3004F44CA /* MasterViewController.swift in Sources */,
				CEA25F741D525DE3004F44CA /* AppDelegate.swift in Sources */,
			);
			runOnlyForDeploymentPostprocessing = 0;
		};
/* End PBXSourcesBuildPhase section */

/* Begin PBXVariantGroup section */
		CEA25F791D525DE3004F44CA /* Main.storyboard */ = {
			isa = PBXVariantGroup;
			children = (
				CEA25F7A1D525DE3004F44CA /* Base */,
			);
			name = Main.storyboard;
			sourceTree = "<group>";
		};
		CEA25F7E1D525DE3004F44CA /* LaunchScreen.storyboard */ = {
			isa = PBXVariantGroup;
			children = (
				CEA25F7F1D525DE3004F44CA /* Base */,
			);
			name = LaunchScreen.storyboard;
			sourceTree = "<group>";
		};
/* End PBXVariantGroup section */

/* Begin XCBuildConfiguration section */
		CEA25F821D525DE3004F44CA /* Debug */ = {
			isa = XCBuildConfiguration;
			buildSettings = {
				ALWAYS_SEARCH_USER_PATHS = NO;
				CLANG_ANALYZER_NONNULL = YES;
				CLANG_CXX_LANGUAGE_STANDARD = "gnu++0x";
				CLANG_CXX_LIBRARY = "libc++";
				CLANG_ENABLE_MODULES = YES;
				CLANG_ENABLE_OBJC_ARC = YES;
				CLANG_WARN_BOOL_CONVERSION = YES;
				CLANG_WARN_CONSTANT_CONVERSION = YES;
				CLANG_WARN_DIRECT_OBJC_ISA_USAGE = YES_ERROR;
				CLANG_WARN_EMPTY_BODY = YES;
				CLANG_WARN_ENUM_CONVERSION = YES;
				CLANG_WARN_INT_CONVERSION = YES;
				CLANG_WARN_OBJC_ROOT_CLASS = YES_ERROR;
				CLANG_WARN_UNREACHABLE_CODE = YES;
				CLANG_WARN__DUPLICATE_METHOD_MATCH = YES;
				"CODE_SIGN_IDENTITY[sdk=iphoneos*]" = "iPhone Developer";
				COPY_PHASE_STRIP = NO;
				DEBUG_INFORMATION_FORMAT = dwarf;
				ENABLE_STRICT_OBJC_MSGSEND = YES;
				ENABLE_TESTABILITY = YES;
				GCC_C_LANGUAGE_STANDARD = gnu99;
				GCC_DYNAMIC_NO_PIC = NO;
				GCC_NO_COMMON_BLOCKS = YES;
				GCC_OPTIMIZATION_LEVEL = 0;
				GCC_PREPROCESSOR_DEFINITIONS = (
					"DEBUG=1",
					"$(inherited)",
				);
				GCC_WARN_64_TO_32_BIT_CONVERSION = YES;
				GCC_WARN_ABOUT_RETURN_TYPE = YES_ERROR;
				GCC_WARN_UNDECLARED_SELECTOR = YES;
				GCC_WARN_UNINITIALIZED_AUTOS = YES_AGGRESSIVE;
				GCC_WARN_UNUSED_FUNCTION = YES;
				GCC_WARN_UNUSED_VARIABLE = YES;
				IPHONEOS_DEPLOYMENT_TARGET = 9.3;
				MTL_ENABLE_DEBUG_INFO = YES;
				ONLY_ACTIVE_ARCH = YES;
				SDKROOT = iphoneos;
				SWIFT_OPTIMIZATION_LEVEL = "-Onone";
			};
			name = Debug;
		};
		CEA25F831D525DE3004F44CA /* Release */ = {
			isa = XCBuildConfiguration;
			buildSettings = {
				ALWAYS_SEARCH_USER_PATHS = NO;
				CLANG_ANALYZER_NONNULL = YES;
				CLANG_CXX_LANGUAGE_STANDARD = "gnu++0x";
				CLANG_CXX_LIBRARY = "libc++";
				CLANG_ENABLE_MODULES = YES;
				CLANG_ENABLE_OBJC_ARC = YES;
				CLANG_WARN_BOOL_CONVERSION = YES;
				CLANG_WARN_CONSTANT_CONVERSION = YES;
				CLANG_WARN_DIRECT_OBJC_ISA_USAGE = YES_ERROR;
				CLANG_WARN_EMPTY_BODY = YES;
				CLANG_WARN_ENUM_CONVERSION = YES;
				CLANG_WARN_INT_CONVERSION = YES;
				CLANG_WARN_OBJC_ROOT_CLASS = YES_ERROR;
				CLANG_WARN_UNREACHABLE_CODE = YES;
				CLANG_WARN__DUPLICATE_METHOD_MATCH = YES;
				"CODE_SIGN_IDENTITY[sdk=iphoneos*]" = "iPhone Developer";
				COPY_PHASE_STRIP = NO;
				DEBUG_INFORMATION_FORMAT = "dwarf-with-dsym";
				ENABLE_NS_ASSERTIONS = NO;
				ENABLE_STRICT_OBJC_MSGSEND = YES;
				GCC_C_LANGUAGE_STANDARD = gnu99;
				GCC_NO_COMMON_BLOCKS = YES;
				GCC_WARN_64_TO_32_BIT_CONVERSION = YES;
				GCC_WARN_ABOUT_RETURN_TYPE = YES_ERROR;
				GCC_WARN_UNDECLARED_SELECTOR = YES;
				GCC_WARN_UNINITIALIZED_AUTOS = YES_AGGRESSIVE;
				GCC_WARN_UNUSED_FUNCTION = YES;
				GCC_WARN_UNUSED_VARIABLE = YES;
				IPHONEOS_DEPLOYMENT_TARGET = 9.3;
				MTL_ENABLE_DEBUG_INFO = NO;
				SDKROOT = iphoneos;
				VALIDATE_PRODUCT = YES;
			};
			name = Release;
		};
		CEA25F851D525DE3004F44CA /* Debug */ = {
			isa = XCBuildConfiguration;
			buildSettings = {
				ASSETCATALOG_COMPILER_APPICON_NAME = AppIcon;
				INFOPLIST_FILE = PokeapiDex/Info.plist;
				LD_RUNPATH_SEARCH_PATHS = "$(inherited) @executable_path/Frameworks";
				PRODUCT_BUNDLE_IDENTIFIER = twilio.PokeapiDex;
				PRODUCT_NAME = "$(TARGET_NAME)";
			};
			name = Debug;
		};
		CEA25F861D525DE3004F44CA /* Release */ = {
			isa = XCBuildConfiguration;
			buildSettings = {
				ASSETCATALOG_COMPILER_APPICON_NAME = AppIcon;
				INFOPLIST_FILE = PokeapiDex/Info.plist;
				LD_RUNPATH_SEARCH_PATHS = "$(inherited) @executable_path/Frameworks";
				PRODUCT_BUNDLE_IDENTIFIER = twilio.PokeapiDex;
				PRODUCT_NAME = "$(TARGET_NAME)";
			};
			name = Release;
		};
/* End XCBuildConfiguration section */

/* Begin XCConfigurationList section */
		CEA25F6B1D525DE3004F44CA /* Build configuration list for PBXProject "PokeapiDex" */ = {
			isa = XCConfigurationList;
			buildConfigurations = (
				CEA25F821D525DE3004F44CA /* Debug */,
				CEA25F831D525DE3004F44CA /* Release */,
			);
			defaultConfigurationIsVisible = 0;
			defaultConfigurationName = Release;
		};
		CEA25F841D525DE3004F44CA /* Build configuration list for PBXNativeTarget "PokeapiDex" */ = {
			isa = XCConfigurationList;
			buildConfigurations = (
				CEA25F851D525DE3004F44CA /* Debug */,
				CEA25F861D525DE3004F44CA /* Release */,
			);
			defaultConfigurationIsVisible = 0;
		};
/* End XCConfigurationList section */
	};
	rootObject = CEA25F681D525DE3004F44CA /* Project object */;
}
